{
  "pins" : [
    {
      "identity" : "campusdualkit",
      "kind" : "remoteSourceControl",
      "location" : "https://github.com/jns-rchtr/CampusDualKit",
      "state" : {
        "revision" : "8f582414f43e9bb8f6f1fcaf19574cb04e0a7857",
        "version" : "0.2.1"
      }
    },
    {
      "identity" : "keychain-item",
      "kind" : "remoteSourceControl",
      "location" : "https://github.com/objcio/keychain-item",
      "state" : {
        "revision" : "563fc973ee4c1fcdea646630f847a241025da3c4",
        "version" : "0.1.0"
      }
    },
    {
      "identity" : "swift-log",
      "kind" : "remoteSourceControl",
      "location" : "https://github.com/apple/swift-log",
      "state" : {
        "revision" : "5d66f7ba25daf4f94100e7022febf3c75e37a6c7",
        "version" : "1.4.2"
      }
    }
  ],
  "version" : 2
}
