{
  "object": {
    "pins": [
      {
        "package": "CampusDualKit",
        "repositoryURL": "https://github.com/jns-rchtr/CampusDualKit",
        "state": {
          "branch": "development",
          "revision": "9b545be81668d54fb5a02e3ec6344927338f975e",
          "version": null
        }
      }
    ]
  },
  "version": 1
}
