{
  "object": {
    "pins": [
      {
        "package": "CampusDualKit",
        "repositoryURL": "https://github.com/jns-rchtr/CampusDualKit",
        "state": {
          "branch": "development",
          "revision": "a69ed7ec289c2560acb34c4829135233bb6fc8d5",
          "version": null
        }
      },
      {
        "package": "KeychainItem",
        "repositoryURL": "https://github.com/objcio/keychain-item",
        "state": {
          "branch": null,
          "revision": "563fc973ee4c1fcdea646630f847a241025da3c4",
          "version": "0.1.0"
        }
      }
    ]
  },
  "version": 1
}
